
Microsoft Visual Studio Solution File, Format Version 12.00
# Visual Studio Version 16
VisualStudioVersion = 16.0.32002.261
MinimumVisualStudioVersion = 10.0.40219.1
Project("{FAE04EC0-301F-11D3-BF4B-00C04F79EFBC}") = "Mission2Assignment", "Mission2Assignment\Mission2Assignment.csproj", "{C64F579A-A3FA-431B-B33F-33EFE0E44C3C}"
EndProject
Global
	GlobalSection(SolutionConfigurationPlatforms) = preSolution
		Debug|Any CPU = Debug|Any CPU
		Release|Any CPU = Release|Any CPU
	EndGlobalSection
	GlobalSection(ProjectConfigurationPlatforms) = postSolution
		{C64F579A-A3FA-431B-B33F-33EFE0E44C3C}.Debug|Any CPU.ActiveCfg = Debug|Any CPU
		{C64F579A-A3FA-431B-B33F-33EFE0E44C3C}.Debug|Any CPU.Build.0 = Debug|Any CPU
		{C64F579A-A3FA-431B-B33F-33EFE0E44C3C}.Release|Any CPU.ActiveCfg = Release|Any CPU
		{C64F579A-A3FA-431B-B33F-33EFE0E44C3C}.Release|Any CPU.Build.0 = Release|Any CPU
	EndGlobalSection
	GlobalSection(SolutionProperties) = preSolution
		HideSolutionNode = FALSE
	EndGlobalSection
	GlobalSection(ExtensibilityGlobals) = postSolution
		SolutionGuid = {FA200407-F1FD-45BF-8E2E-371ED6178733}
	EndGlobalSection
EndGlobal
